{
  "version": "5",
  "specifiers": {
    "jsr:@std/cli@1": "1.0.32",
    "npm:postgres@3.4.7": "3.4.7"
  },
  "jsr": {
    "@std/cli@1.0.32": {
      "integrity": "188b3a100d6202d64e3f5bd3d799c7fa4f6d77f92cc65eb7f641c1fa0aa92a66"
    }
  },
  "npm": {
    "postgres@3.4.7": {
      "integrity": "sha512-Jtc2612XINuBjIl/QTWsV5UvE8UHuNblcO3vVADSrKsrc6RqGX6lOW1cEo3CM2v0XG4Nat8nI+YM7/f26VxXLw=="
    }
  },
  "workspace": {
    "dependencies": [
      "jsr:@std/cli@1",
      "npm:postgres@3.4.7"
    ]
  }
}
