{
  "version": "5",
  "specifiers": {
    "jsr:@std/cli@1": "1.0.32",
    "npm:jose@5.9.6": "5.9.6"
  },
  "jsr": {
    "@std/cli@1.0.32": {
      "integrity": "188b3a100d6202d64e3f5bd3d799c7fa4f6d77f92cc65eb7f641c1fa0aa92a66"
    }
  },
  "npm": {
    "jose@5.9.6": {
      "integrity": "sha512-AMlnetc9+CV9asI19zHmrgS/WYsWUwCn2R7RzlbJWD7F9eWYUTGyBmU9o6PxngtLGOiDGPRu+Uc4fhKzbpteZQ=="
    }
  },
  "workspace": {
    "dependencies": [
      "jsr:@std/cli@1",
      "npm:jose@5.9.6"
    ]
  }
}
