{
  "version": "5",
  "specifiers": {
    "npm:@hono/swagger-ui@0.5.3": "0.5.3_hono@4.8.2",
    "npm:@hono/zod-openapi@0.19.10": "0.19.10_hono@4.8.2_zod@3.25.67",
    "npm:hono@4.8.2": "4.8.2",
    "npm:jose@5.9.6": "5.9.6",
    "npm:postgres@3.4.7": "3.4.7",
    "npm:zod@3.25.67": "3.25.67"
  },
  "npm": {
    "@asteasolutions/zod-to-openapi@7.3.4_zod@3.25.67": {
      "integrity": "sha512-/2rThQ5zPi9OzVwes6U7lK1+Yvug0iXu25olp7S0XsYmOqnyMfxH7gdSQjn/+DSOHRg7wnotwGJSyL+fBKdnEA==",
      "dependencies": [
        "openapi3-ts",
        "zod"
      ]
    },
    "@hono/swagger-ui@0.5.3_hono@4.8.2": {
      "integrity": "sha512-Hn90DOOJ62ICJQplQvCDVpi9Jcn6EhtRaiffyJIS53wA5RmRLtMCDQGVc0bor8vQD7JIwpkweWjs+3cycp+IvA==",
      "dependencies": [
        "hono"
      ]
    },
    "@hono/zod-openapi@0.19.10_hono@4.8.2_zod@3.25.67": {
      "integrity": "sha512-dpoS6DenvoJyvxtQ7Kd633FRZ/Qf74+4+o9s+zZI8pEqnbjdF/DtxIib08WDpCaWabMEJOL5TXpMgNEZvb7hpA==",
      "dependencies": [
        "@asteasolutions/zod-to-openapi",
        "@hono/zod-validator",
        "hono",
        "openapi3-ts",
        "zod"
      ]
    },
    "@hono/zod-validator@0.7.6_hono@4.8.2_zod@3.25.67": {
      "integrity": "sha512-Io1B6d011Gj1KknV4rXYz4le5+5EubcWEU/speUjuw9XMMIaP3n78yXLhjd2A3PXaXaUwEAluOiAyLqhBEJgsw==",
      "dependencies": [
        "hono",
        "zod"
      ]
    },
    "hono@4.8.2": {
      "integrity": "sha512-hM+1RIn9PK1I6SiTNS6/y7O1mvg88awYLFEuEtoiMtRyT3SD2iu9pSFgbBXT3b1Ua4IwzvSTLvwO0SEhDxCi4w=="
    },
    "jose@5.9.6": {
      "integrity": "sha512-AMlnetc9+CV9asI19zHmrgS/WYsWUwCn2R7RzlbJWD7F9eWYUTGyBmU9o6PxngtLGOiDGPRu+Uc4fhKzbpteZQ=="
    },
    "openapi3-ts@4.6.1": {
      "integrity": "sha512-XW9MOldkhoICNeXVzzmXzmOW5G73ppOEGmh7fLCqHjgfdEYCGGN+00MlVCeUZgovjjfC56j9tvtDt1zGabNjjA==",
      "dependencies": [
        "yaml"
      ]
    },
    "postgres@3.4.7": {
      "integrity": "sha512-Jtc2612XINuBjIl/QTWsV5UvE8UHuNblcO3vVADSrKsrc6RqGX6lOW1cEo3CM2v0XG4Nat8nI+YM7/f26VxXLw=="
    },
    "yaml@2.9.0": {
      "integrity": "sha512-2AvhNX3mb8zd6Zy7INTtSpl1F15HW6Wnqj0srWlkKLcpYl/gMIMJiyuGq2KeI2YFxUPjdlB+3Lc10seMLtL4cA==",
      "bin": true
    },
    "zod@3.25.67": {
      "integrity": "sha512-idA2YXwpCdqUSKRCACDE6ItZD9TZzy3OZMtpfLoh6oPR47lipysRrJfjzMqFxQ3uJuUPyUeWe1r9vLH33xO/Qw=="
    }
  },
  "workspace": {
    "dependencies": [
      "jsr:@std/assert@1",
      "npm:@hono/swagger-ui@0.5.3",
      "npm:@hono/zod-openapi@0.19.10",
      "npm:hono@4.8.2",
      "npm:jose@5.9.6",
      "npm:postgres@3.4.7",
      "npm:zod@3.25.67"
    ]
  }
}
